
Microsoft Visual Studio Solution File, Format Version 12.00
# Visual Studio Version 16
VisualStudioVersion = 16.0.30804.86
MinimumVisualStudioVersion = 10.0.40219.1
Project("{FAE04EC0-301F-11D3-BF4B-00C04F79EFBC}") = "Metods", "Metods\Metods.csproj", "{A9F64C32-9A10-4B24-89C2-869110D77639}"
EndProject
Project("{FAE04EC0-301F-11D3-BF4B-00C04F79EFBC}") = "EnterNum", "EnterNum\EnterNum.csproj", "{FD61B3AD-6676-4FB0-BA9B-D623C63AE54D}"
EndProject
Project("{FAE04EC0-301F-11D3-BF4B-00C04F79EFBC}") = "les3_ex1_a_class", "les3_ex1_a_class\les3_ex1_a_class.csproj", "{74F89C0D-3A10-499D-8CCA-D556D192C971}"
EndProject
Global
	GlobalSection(SolutionConfigurationPlatforms) = preSolution
		Debug|Any CPU = Debug|Any CPU
		Release|Any CPU = Release|Any CPU
	EndGlobalSection
	GlobalSection(ProjectConfigurationPlatforms) = postSolution
		{A9F64C32-9A10-4B24-89C2-869110D77639}.Debug|Any CPU.ActiveCfg = Debug|Any CPU
		{A9F64C32-9A10-4B24-89C2-869110D77639}.Debug|Any CPU.Build.0 = Debug|Any CPU
		{A9F64C32-9A10-4B24-89C2-869110D77639}.Release|Any CPU.ActiveCfg = Release|Any CPU
		{A9F64C32-9A10-4B24-89C2-869110D77639}.Release|Any CPU.Build.0 = Release|Any CPU
		{FD61B3AD-6676-4FB0-BA9B-D623C63AE54D}.Debug|Any CPU.ActiveCfg = Debug|Any CPU
		{FD61B3AD-6676-4FB0-BA9B-D623C63AE54D}.Debug|Any CPU.Build.0 = Debug|Any CPU
		{FD61B3AD-6676-4FB0-BA9B-D623C63AE54D}.Release|Any CPU.ActiveCfg = Release|Any CPU
		{FD61B3AD-6676-4FB0-BA9B-D623C63AE54D}.Release|Any CPU.Build.0 = Release|Any CPU
		{74F89C0D-3A10-499D-8CCA-D556D192C971}.Debug|Any CPU.ActiveCfg = Debug|Any CPU
		{74F89C0D-3A10-499D-8CCA-D556D192C971}.Debug|Any CPU.Build.0 = Debug|Any CPU
		{74F89C0D-3A10-499D-8CCA-D556D192C971}.Release|Any CPU.ActiveCfg = Release|Any CPU
		{74F89C0D-3A10-499D-8CCA-D556D192C971}.Release|Any CPU.Build.0 = Release|Any CPU
	EndGlobalSection
	GlobalSection(SolutionProperties) = preSolution
		HideSolutionNode = FALSE
	EndGlobalSection
	GlobalSection(ExtensibilityGlobals) = postSolution
		SolutionGuid = {170B63AB-5A2B-4931-8669-1BC1E786366C}
	EndGlobalSection
EndGlobal
